
Microsoft Visual Studio Solution File, Format Version 12.00
# Visual Studio Version 16
VisualStudioVersion = 16.0.31624.102
MinimumVisualStudioVersion = 10.0.40219.1
Project("{FAE04EC0-301F-11D3-BF4B-00C04F79EFBC}") = "iakademi_PROJE", "iakademi_PROJE\iakademi_PROJE.csproj", "{130CCBD9-C08D-4BD3-9EA6-0B102A604A94}"
EndProject
Global
	GlobalSection(SolutionConfigurationPlatforms) = preSolution
		Debug|Any CPU = Debug|Any CPU
		Release|Any CPU = Release|Any CPU
	EndGlobalSection
	GlobalSection(ProjectConfigurationPlatforms) = postSolution
		{130CCBD9-C08D-4BD3-9EA6-0B102A604A94}.Debug|Any CPU.ActiveCfg = Debug|Any CPU
		{130CCBD9-C08D-4BD3-9EA6-0B102A604A94}.Debug|Any CPU.Build.0 = Debug|Any CPU
		{130CCBD9-C08D-4BD3-9EA6-0B102A604A94}.Release|Any CPU.ActiveCfg = Release|Any CPU
		{130CCBD9-C08D-4BD3-9EA6-0B102A604A94}.Release|Any CPU.Build.0 = Release|Any CPU
	EndGlobalSection
	GlobalSection(SolutionProperties) = preSolution
		HideSolutionNode = FALSE
	EndGlobalSection
	GlobalSection(ExtensibilityGlobals) = postSolution
		SolutionGuid = {F375CD48-9BBE-4323-A620-7AB4B9F690D2}
	EndGlobalSection
EndGlobal
